
Microsoft Visual Studio Solution File, Format Version 12.00
# Visual Studio Version 16
VisualStudioVersion = 16.0.31129.286
MinimumVisualStudioVersion = 10.0.40219.1
Project("{FAE04EC0-301F-11D3-BF4B-00C04F79EFBC}") = "GameServer", "GameServer\GameServer.csproj", "{8C661DE7-1E73-4292-BDFE-950EE2BDC504}"
EndProject
Project("{FAE04EC0-301F-11D3-BF4B-00C04F79EFBC}") = "GameClient", "GameClient\GameClient.csproj", "{D94AA69E-7CD9-40D8-9FD9-3A0DBF8DDBA8}"
EndProject
Global
	GlobalSection(SolutionConfigurationPlatforms) = preSolution
		Debug|Any CPU = Debug|Any CPU
		Release|Any CPU = Release|Any CPU
	EndGlobalSection
	GlobalSection(ProjectConfigurationPlatforms) = postSolution
		{8C661DE7-1E73-4292-BDFE-950EE2BDC504}.Debug|Any CPU.ActiveCfg = Debug|Any CPU
		{8C661DE7-1E73-4292-BDFE-950EE2BDC504}.Debug|Any CPU.Build.0 = Debug|Any CPU
		{8C661DE7-1E73-4292-BDFE-950EE2BDC504}.Release|Any CPU.ActiveCfg = Release|Any CPU
		{8C661DE7-1E73-4292-BDFE-950EE2BDC504}.Release|Any CPU.Build.0 = Release|Any CPU
		{D94AA69E-7CD9-40D8-9FD9-3A0DBF8DDBA8}.Debug|Any CPU.ActiveCfg = Debug|Any CPU
		{D94AA69E-7CD9-40D8-9FD9-3A0DBF8DDBA8}.Debug|Any CPU.Build.0 = Debug|Any CPU
		{D94AA69E-7CD9-40D8-9FD9-3A0DBF8DDBA8}.Release|Any CPU.ActiveCfg = Release|Any CPU
		{D94AA69E-7CD9-40D8-9FD9-3A0DBF8DDBA8}.Release|Any CPU.Build.0 = Release|Any CPU
	EndGlobalSection
	GlobalSection(SolutionProperties) = preSolution
		HideSolutionNode = FALSE
	EndGlobalSection
	GlobalSection(ExtensibilityGlobals) = postSolution
		SolutionGuid = {DC746164-C195-4BD1-9C84-D753D614AE7D}
	EndGlobalSection
EndGlobal
